
Microsoft Visual Studio Solution File, Format Version 12.00
# Visual Studio Version 17
VisualStudioVersion = 17.5.33530.505
MinimumVisualStudioVersion = 10.0.40219.1
Project("{FAE04EC0-301F-11D3-BF4B-00C04F79EFBC}") = "ScaffoldProject", "ScaffoldProject\ScaffoldProject.csproj", "{4D4C5904-60B2-42AA-8B23-E441A5F3D162}"
EndProject
Global
	GlobalSection(SolutionConfigurationPlatforms) = preSolution
		Debug|Any CPU = Debug|Any CPU
		Release|Any CPU = Release|Any CPU
	EndGlobalSection
	GlobalSection(ProjectConfigurationPlatforms) = postSolution
		{4D4C5904-60B2-42AA-8B23-E441A5F3D162}.Debug|Any CPU.ActiveCfg = Debug|Any CPU
		{4D4C5904-60B2-42AA-8B23-E441A5F3D162}.Debug|Any CPU.Build.0 = Debug|Any CPU
		{4D4C5904-60B2-42AA-8B23-E441A5F3D162}.Release|Any CPU.ActiveCfg = Release|Any CPU
		{4D4C5904-60B2-42AA-8B23-E441A5F3D162}.Release|Any CPU.Build.0 = Release|Any CPU
	EndGlobalSection
	GlobalSection(SolutionProperties) = preSolution
		HideSolutionNode = FALSE
	EndGlobalSection
	GlobalSection(ExtensibilityGlobals) = postSolution
		SolutionGuid = {86168A3C-3782-48AB-93D6-0004EC47848D}
	EndGlobalSection
EndGlobal
